// !$*UTF8*$!
{
	archiveVersion = 1;
	classes = {
	};
	objectVersion = 48;
	objects = {

/* Begin PBXBuildFile section */
		8235760A12F8F933725FD3D7 /* libPods-blocklyDemo.a in Frameworks */ = {isa = PBXBuildFile; fileRef = E94994821DA50FEB21A2F81C /* libPods-blocklyDemo.a */; };
		A204528F20DE51700009FEB1 /* AppDelegate.m in Sources */ = {isa = PBXBuildFile; fileRef = A204528E20DE51700009FEB1 /* AppDelegate.m */; };
		A204529220DE51700009FEB1 /* ViewController.m in Sources */ = {isa = PBXBuildFile; fileRef = A204529120DE51700009FEB1 /* ViewController.m */; };
		A204529520DE51700009FEB1 /* Main.storyboard in Resources */ = {isa = PBXBuildFile; fileRef = A204529320DE51700009FEB1 /* Main.storyboard */; };
		A204529720DE51700009FEB1 /* Assets.xcassets in Resources */ = {isa = PBXBuildFile; fileRef = A204529620DE51700009FEB1 /* Assets.xcassets */; };
		A204529A20DE51700009FEB1 /* LaunchScreen.storyboard in Resources */ = {isa = PBXBuildFile; fileRef = A204529820DE51700009FEB1 /* LaunchScreen.storyboard */; };
		A204529D20DE51700009FEB1 /* main.m in Sources */ = {isa = PBXBuildFile; fileRef = A204529C20DE51700009FEB1 /* main.m */; };
/* End PBXBuildFile section */

/* Begin PBXFileReference section */
		7F575EB197645E65891DE635 /* Pods-blocklyDemo.release.xcconfig */ = {isa = PBXFileReference; includeInIndex = 1; lastKnownFileType = text.xcconfig; name = "Pods-blocklyDemo.release.xcconfig"; path = "Pods/Target Support Files/Pods-blocklyDemo/Pods-blocklyDemo.release.xcconfig"; sourceTree = "<group>"; };
		A204528A20DE51700009FEB1 /* blocklyDemo.app */ = {isa = PBXFileReference; explicitFileType = wrapper.application; includeInIndex = 0; path = blocklyDemo.app; sourceTree = BUILT_PRODUCTS_DIR; };
		A204528D20DE51700009FEB1 /* AppDelegate.h */ = {isa = PBXFileReference; lastKnownFileType = sourcecode.c.h; path = AppDelegate.h; sourceTree = "<group>"; };
		A204528E20DE51700009FEB1 /* AppDelegate.m */ = {isa = PBXFileReference; lastKnownFileType = sourcecode.c.objc; path = AppDelegate.m; sourceTree = "<group>"; };
		A204529020DE51700009FEB1 /* ViewController.h */ = {isa = PBXFileReference; lastKnownFileType = sourcecode.c.h; path = ViewController.h; sourceTree = "<group>"; };
		A204529120DE51700009FEB1 /* ViewController.m */ = {isa = PBXFileReference; lastKnownFileType = sourcecode.c.objc; path = ViewController.m; sourceTree = "<group>"; };
		A204529420DE51700009FEB1 /* Base */ = {isa = PBXFileReference; lastKnownFileType = file.storyboard; name = Base; path = Base.lproj/Main.storyboard; sourceTree = "<group>"; };
		A204529620DE51700009FEB1 /* Assets.xcassets */ = {isa = PBXFileReference; lastKnownFileType = folder.assetcatalog; path = Assets.xcassets; sourceTree = "<group>"; };
		A204529920DE51700009FEB1 /* Base */ = {isa = PBXFileReference; lastKnownFileType = file.storyboard; name = Base; path = Base.lproj/LaunchScreen.storyboard; sourceTree = "<group>"; };
		A204529B20DE51700009FEB1 /* Info.plist */ = {isa = PBXFileReference; lastKnownFileType = text.plist.xml; path = Info.plist; sourceTree = "<group>"; };
		A204529C20DE51700009FEB1 /* main.m */ = {isa = PBXFileReference; lastKnownFileType = sourcecode.c.objc; path = main.m; sourceTree = "<group>"; };
		A20452A420DE523A0009FEB1 /* PrefixHeader.pch */ = {isa = PBXFileReference; lastKnownFileType = sourcecode.c.h; path = PrefixHeader.pch; sourceTree = "<group>"; };
		D0313E54306509791A6CE58A /* Pods-blocklyDemo.debug.xcconfig */ = {isa = PBXFileReference; includeInIndex = 1; lastKnownFileType = text.xcconfig; name = "Pods-blocklyDemo.debug.xcconfig"; path = "Pods/Target Support Files/Pods-blocklyDemo/Pods-blocklyDemo.debug.xcconfig"; sourceTree = "<group>"; };
		E94994821DA50FEB21A2F81C /* libPods-blocklyDemo.a */ = {isa = PBXFileReference; explicitFileType = archive.ar; includeInIndex = 0; path = "libPods-blocklyDemo.a"; sourceTree = BUILT_PRODUCTS_DIR; };
/* End PBXFileReference section */

/* Begin PBXFrameworksBuildPhase section */
		A204528720DE51700009FEB1 /* Frameworks */ = {
			isa = PBXFrameworksBuildPhase;
			buildActionMask = 2147483647;
			files = (
				8235760A12F8F933725FD3D7 /* libPods-blocklyDemo.a in Frameworks */,
			);
			runOnlyForDeploymentPostprocessing = 0;
		};
/* End PBXFrameworksBuildPhase section */

/* Begin PBXGroup section */
		A204528120DE51700009FEB1 = {
			isa = PBXGroup;
			children = (
				A204528C20DE51700009FEB1 /* blocklyDemo */,
				A204528B20DE51700009FEB1 /* Products */,
				B0E3C17142D9DA83C18A12F6 /* Pods */,
				EDDE7CDA00C94C8635C424EB /* Frameworks */,
			);
			sourceTree = "<group>";
		};
		A204528B20DE51700009FEB1 /* Products */ = {
			isa = PBXGroup;
			children = (
				A204528A20DE51700009FEB1 /* blocklyDemo.app */,
			);
			name = Products;
			sourceTree = "<group>";
		};
		A204528C20DE51700009FEB1 /* blocklyDemo */ = {
			isa = PBXGroup;
			children = (
				A20452A420DE523A0009FEB1 /* PrefixHeader.pch */,
				A204528D20DE51700009FEB1 /* AppDelegate.h */,
				A204528E20DE51700009FEB1 /* AppDelegate.m */,
				A204529020DE51700009FEB1 /* ViewController.h */,
				A204529120DE51700009FEB1 /* ViewController.m */,
				A204529320DE51700009FEB1 /* Main.storyboard */,
				A204529620DE51700009FEB1 /* Assets.xcassets */,
				A204529820DE51700009FEB1 /* LaunchScreen.storyboard */,
				A204529B20DE51700009FEB1 /* Info.plist */,
				A204529C20DE51700009FEB1 /* main.m */,
			);
			path = blocklyDemo;
			sourceTree = "<group>";
		};
		B0E3C17142D9DA83C18A12F6 /* Pods */ = {
			isa = PBXGroup;
			children = (
				D0313E54306509791A6CE58A /* Pods-blocklyDemo.debug.xcconfig */,
				7F575EB197645E65891DE635 /* Pods-blocklyDemo.release.xcconfig */,
			);
			name = Pods;
			sourceTree = "<group>";
		};
		EDDE7CDA00C94C8635C424EB /* Frameworks */ = {
			isa = PBXGroup;
			children = (
				E94994821DA50FEB21A2F81C /* libPods-blocklyDemo.a */,
			);
			name = Frameworks;
			sourceTree = "<group>";
		};
/* End PBXGroup section */

/* Begin PBXNativeTarget section */
		A204528920DE51700009FEB1 /* blocklyDemo */ = {
			isa = PBXNativeTarget;
			buildConfigurationList = A20452A020DE51700009FEB1 /* Build configuration list for PBXNativeTarget "blocklyDemo" */;
			buildPhases = (
				8D7B311366DA64ADEB45AF4E /* [CP] Check Pods Manifest.lock */,
				A204528620DE51700009FEB1 /* Sources */,
				A204528720DE51700009FEB1 /* Frameworks */,
				A204528820DE51700009FEB1 /* Resources */,
				48ECA40AE37FEA4EF47030EE /* [CP] Embed Pods Frameworks */,
				9A708EF7933486CE83C4EFE9 /* [CP] Copy Pods Resources */,
			);
			buildRules = (
			);
			dependencies = (
			);
			name = blocklyDemo;
			productName = blocklyDemo;
			productReference = A204528A20DE51700009FEB1 /* blocklyDemo.app */;
			productType = "com.apple.product-type.application";
		};
/* End PBXNativeTarget section */

/* Begin PBXProject section */
		A204528220DE51700009FEB1 /* Project object */ = {
			isa = PBXProject;
			attributes = {
				LastUpgradeCheck = 0920;
				ORGANIZATIONNAME = zkl;
				TargetAttributes = {
					A204528920DE51700009FEB1 = {
						CreatedOnToolsVersion = 9.2;
						ProvisioningStyle = Automatic;
					};
				};
			};
			buildConfigurationList = A204528520DE51700009FEB1 /* Build configuration list for PBXProject "blocklyDemo" */;
			compatibilityVersion = "Xcode 8.0";
			developmentRegion = en;
			hasScannedForEncodings = 0;
			knownRegions = (
				en,
				Base,
			);
			mainGroup = A204528120DE51700009FEB1;
			productRefGroup = A204528B20DE51700009FEB1 /* Products */;
			projectDirPath = "";
			projectRoot = "";
			targets = (
				A204528920DE51700009FEB1 /* blocklyDemo */,
			);
		};
/* End PBXProject section */

/* Begin PBXResourcesBuildPhase section */
		A204528820DE51700009FEB1 /* Resources */ = {
			isa = PBXResourcesBuildPhase;
			buildActionMask = 2147483647;
			files = (
				A204529A20DE51700009FEB1 /* LaunchScreen.storyboard in Resources */,
				A204529720DE51700009FEB1 /* Assets.xcassets in Resources */,
				A204529520DE51700009FEB1 /* Main.storyboard in Resources */,
			);
			runOnlyForDeploymentPostprocessing = 0;
		};
/* End PBXResourcesBuildPhase section */

/* Begin PBXShellScriptBuildPhase section */
		48ECA40AE37FEA4EF47030EE /* [CP] Embed Pods Frameworks */ = {
			isa = PBXShellScriptBuildPhase;
			buildActionMask = 2147483647;
			files = (
			);
			inputPaths = (
			);
			name = "[CP] Embed Pods Frameworks";
			outputPaths = (
			);
			runOnlyForDeploymentPostprocessing = 0;
			shellPath = /bin/sh;
			shellScript = "\"${SRCROOT}/Pods/Target Support Files/Pods-blocklyDemo/Pods-blocklyDemo-frameworks.sh\"\n";
			showEnvVarsInLog = 0;
		};
		8D7B311366DA64ADEB45AF4E /* [CP] Check Pods Manifest.lock */ = {
			isa = PBXShellScriptBuildPhase;
			buildActionMask = 2147483647;
			files = (
			);
			inputPaths = (
				"${PODS_PODFILE_DIR_PATH}/Podfile.lock",
				"${PODS_ROOT}/Manifest.lock",
			);
			name = "[CP] Check Pods Manifest.lock";
			outputPaths = (
				"$(DERIVED_FILE_DIR)/Pods-blocklyDemo-checkManifestLockResult.txt",
			);
			runOnlyForDeploymentPostprocessing = 0;
			shellPath = /bin/sh;
			shellScript = "diff \"${PODS_PODFILE_DIR_PATH}/Podfile.lock\" \"${PODS_ROOT}/Manifest.lock\" > /dev/null\nif [ $? != 0 ] ; then\n    # print error to STDERR\n    echo \"error: The sandbox is not in sync with the Podfile.lock. Run 'pod install' or update your CocoaPods installation.\" >&2\n    exit 1\nfi\n# This output is used by Xcode 'outputs' to avoid re-running this script phase.\necho \"SUCCESS\" > \"${SCRIPT_OUTPUT_FILE_0}\"\n";
			showEnvVarsInLog = 0;
		};
		9A708EF7933486CE83C4EFE9 /* [CP] Copy Pods Resources */ = {
			isa = PBXShellScriptBuildPhase;
			buildActionMask = 2147483647;
			files = (
			);
			inputPaths = (
			);
			name = "[CP] Copy Pods Resources";
			outputPaths = (
			);
			runOnlyForDeploymentPostprocessing = 0;
			shellPath = /bin/sh;
			shellScript = "\"${SRCROOT}/Pods/Target Support Files/Pods-blocklyDemo/Pods-blocklyDemo-resources.sh\"\n";
			showEnvVarsInLog = 0;
		};
/* End PBXShellScriptBuildPhase section */

/* Begin PBXSourcesBuildPhase section */
		A204528620DE51700009FEB1 /* Sources */ = {
			isa = PBXSourcesBuildPhase;
			buildActionMask = 2147483647;
			files = (
				A204529220DE51700009FEB1 /* ViewController.m in Sources */,
				A204529D20DE51700009FEB1 /* main.m in Sources */,
				A204528F20DE51700009FEB1 /* AppDelegate.m in Sources */,
			);
			runOnlyForDeploymentPostprocessing = 0;
		};
/* End PBXSourcesBuildPhase section */

/* Begin PBXVariantGroup section */
		A204529320DE51700009FEB1 /* Main.storyboard */ = {
			isa = PBXVariantGroup;
			children = (
				A204529420DE51700009FEB1 /* Base */,
			);
			name = Main.storyboard;
			sourceTree = "<group>";
		};
		A204529820DE51700009FEB1 /* LaunchScreen.storyboard */ = {
			isa = PBXVariantGroup;
			children = (
				A204529920DE51700009FEB1 /* Base */,
			);
			name = LaunchScreen.storyboard;
			sourceTree = "<group>";
		};
/* End PBXVariantGroup section */

/* Begin XCBuildConfiguration section */
		A204529E20DE51700009FEB1 /* Debug */ = {
			isa = XCBuildConfiguration;
			buildSettings = {
				ALWAYS_SEARCH_USER_PATHS = NO;
				CLANG_ANALYZER_NONNULL = YES;
				CLANG_ANALYZER_NUMBER_OBJECT_CONVERSION = YES_AGGRESSIVE;
				CLANG_CXX_LANGUAGE_STANDARD = "gnu++14";
				CLANG_CXX_LIBRARY = "libc++";
				CLANG_ENABLE_MODULES = YES;
				CLANG_ENABLE_OBJC_ARC = YES;
				CLANG_WARN_BLOCK_CAPTURE_AUTORELEASING = YES;
				CLANG_WARN_BOOL_CONVERSION = YES;
				CLANG_WARN_COMMA = YES;
				CLANG_WARN_CONSTANT_CONVERSION = YES;
				CLANG_WARN_DIRECT_OBJC_ISA_USAGE = YES_ERROR;
				CLANG_WARN_DOCUMENTATION_COMMENTS = YES;
				CLANG_WARN_EMPTY_BODY = YES;
				CLANG_WARN_ENUM_CONVERSION = YES;
				CLANG_WARN_INFINITE_RECURSION = YES;
				CLANG_WARN_INT_CONVERSION = YES;
				CLANG_WARN_NON_LITERAL_NULL_CONVERSION = YES;
				CLANG_WARN_OBJC_LITERAL_CONVERSION = YES;
				CLANG_WARN_OBJC_ROOT_CLASS = YES_ERROR;
				CLANG_WARN_RANGE_LOOP_ANALYSIS = YES;
				CLANG_WARN_STRICT_PROTOTYPES = YES;
				CLANG_WARN_SUSPICIOUS_MOVE = YES;
				CLANG_WARN_UNGUARDED_AVAILABILITY = YES_AGGRESSIVE;
				CLANG_WARN_UNREACHABLE_CODE = YES;
				CLANG_WARN__DUPLICATE_METHOD_MATCH = YES;
				CODE_SIGN_IDENTITY = "iPhone Developer";
				COPY_PHASE_STRIP = NO;
				DEBUG_INFORMATION_FORMAT = dwarf;
				ENABLE_STRICT_OBJC_MSGSEND = YES;
				ENABLE_TESTABILITY = YES;
				GCC_C_LANGUAGE_STANDARD = gnu11;
				GCC_DYNAMIC_NO_PIC = NO;
				GCC_NO_COMMON_BLOCKS = YES;
				GCC_OPTIMIZATION_LEVEL = 0;
				GCC_PREPROCESSOR_DEFINITIONS = (
					"DEBUG=1",
					"$(inherited)",
				);
				GCC_WARN_64_TO_32_BIT_CONVERSION = YES;
				GCC_WARN_ABOUT_RETURN_TYPE = YES_ERROR;
				GCC_WARN_UNDECLARED_SELECTOR = YES;
				GCC_WARN_UNINITIALIZED_AUTOS = YES_AGGRESSIVE;
				GCC_WARN_UNUSED_FUNCTION = YES;
				GCC_WARN_UNUSED_VARIABLE = YES;
				IPHONEOS_DEPLOYMENT_TARGET = 11.2;
				MTL_ENABLE_DEBUG_INFO = YES;
				ONLY_ACTIVE_ARCH = YES;
				SDKROOT = iphoneos;
			};
			name = Debug;
		};
		A204529F20DE51700009FEB1 /* Release */ = {
			isa = XCBuildConfiguration;
			buildSettings = {
				ALWAYS_SEARCH_USER_PATHS = NO;
				CLANG_ANALYZER_NONNULL = YES;
				CLANG_ANALYZER_NUMBER_OBJECT_CONVERSION = YES_AGGRESSIVE;
				CLANG_CXX_LANGUAGE_STANDARD = "gnu++14";
				CLANG_CXX_LIBRARY = "libc++";
				CLANG_ENABLE_MODULES = YES;
				CLANG_ENABLE_OBJC_ARC = YES;
				CLANG_WARN_BLOCK_CAPTURE_AUTORELEASING = YES;
				CLANG_WARN_BOOL_CONVERSION = YES;
				CLANG_WARN_COMMA = YES;
				CLANG_WARN_CONSTANT_CONVERSION = YES;
				CLANG_WARN_DIRECT_OBJC_ISA_USAGE = YES_ERROR;
				CLANG_WARN_DOCUMENTATION_COMMENTS = YES;
				CLANG_WARN_EMPTY_BODY = YES;
				CLANG_WARN_ENUM_CONVERSION = YES;
				CLANG_WARN_INFINITE_RECURSION = YES;
				CLANG_WARN_INT_CONVERSION = YES;
				CLANG_WARN_NON_LITERAL_NULL_CONVERSION = YES;
				CLANG_WARN_OBJC_LITERAL_CONVERSION = YES;
				CLANG_WARN_OBJC_ROOT_CLASS = YES_ERROR;
				CLANG_WARN_RANGE_LOOP_ANALYSIS = YES;
				CLANG_WARN_STRICT_PROTOTYPES = YES;
				CLANG_WARN_SUSPICIOUS_MOVE = YES;
				CLANG_WARN_UNGUARDED_AVAILABILITY = YES_AGGRESSIVE;
				CLANG_WARN_UNREACHABLE_CODE = YES;
				CLANG_WARN__DUPLICATE_METHOD_MATCH = YES;
				CODE_SIGN_IDENTITY = "iPhone Developer";
				COPY_PHASE_STRIP = NO;
				DEBUG_INFORMATION_FORMAT = "dwarf-with-dsym";
				ENABLE_NS_ASSERTIONS = NO;
				ENABLE_STRICT_OBJC_MSGSEND = YES;
				GCC_C_LANGUAGE_STANDARD = gnu11;
				GCC_NO_COMMON_BLOCKS = YES;
				GCC_WARN_64_TO_32_BIT_CONVERSION = YES;
				GCC_WARN_ABOUT_RETURN_TYPE = YES_ERROR;
				GCC_WARN_UNDECLARED_SELECTOR = YES;
				GCC_WARN_UNINITIALIZED_AUTOS = YES_AGGRESSIVE;
				GCC_WARN_UNUSED_FUNCTION = YES;
				GCC_WARN_UNUSED_VARIABLE = YES;
				IPHONEOS_DEPLOYMENT_TARGET = 11.2;
				MTL_ENABLE_DEBUG_INFO = NO;
				SDKROOT = iphoneos;
				VALIDATE_PRODUCT = YES;
			};
			name = Release;
		};
		A20452A120DE51700009FEB1 /* Debug */ = {
			isa = XCBuildConfiguration;
			baseConfigurationReference = D0313E54306509791A6CE58A /* Pods-blocklyDemo.debug.xcconfig */;
			buildSettings = {
				ASSETCATALOG_COMPILER_APPICON_NAME = AppIcon;
				CODE_SIGN_STYLE = Automatic;
				DEVELOPMENT_TEAM = RZCH27JL7D;
				GCC_PRECOMPILE_PREFIX_HEADER = YES;
				GCC_PREFIX_HEADER = "$(SRCROOT)/blocklyDemo.pch";
				INFOPLIST_FILE = blocklyDemo/Info.plist;
				LD_RUNPATH_SEARCH_PATHS = "$(inherited) @executable_path/Frameworks";
				PRODUCT_BUNDLE_IDENTIFIER = com.zkl.blocklyDemo;
				PRODUCT_NAME = "$(TARGET_NAME)";
				TARGETED_DEVICE_FAMILY = "1,2";
			};
			name = Debug;
		};
		A20452A220DE51700009FEB1 /* Release */ = {
			isa = XCBuildConfiguration;
			baseConfigurationReference = 7F575EB197645E65891DE635 /* Pods-blocklyDemo.release.xcconfig */;
			buildSettings = {
				ASSETCATALOG_COMPILER_APPICON_NAME = AppIcon;
				CODE_SIGN_STYLE = Automatic;
				DEVELOPMENT_TEAM = RZCH27JL7D;
				GCC_PRECOMPILE_PREFIX_HEADER = YES;
				GCC_PREFIX_HEADER = "$(SRCROOT)/blocklyDemo.pch";
				INFOPLIST_FILE = blocklyDemo/Info.plist;
				LD_RUNPATH_SEARCH_PATHS = "$(inherited) @executable_path/Frameworks";
				PRODUCT_BUNDLE_IDENTIFIER = com.zkl.blocklyDemo;
				PRODUCT_NAME = "$(TARGET_NAME)";
				TARGETED_DEVICE_FAMILY = "1,2";
			};
			name = Release;
		};
/* End XCBuildConfiguration section */

/* Begin XCConfigurationList section */
		A204528520DE51700009FEB1 /* Build configuration list for PBXProject "blocklyDemo" */ = {
			isa = XCConfigurationList;
			buildConfigurations = (
				A204529E20DE51700009FEB1 /* Debug */,
				A204529F20DE51700009FEB1 /* Release */,
			);
			defaultConfigurationIsVisible = 0;
			defaultConfigurationName = Release;
		};
		A20452A020DE51700009FEB1 /* Build configuration list for PBXNativeTarget "blocklyDemo" */ = {
			isa = XCConfigurationList;
			buildConfigurations = (
				A20452A120DE51700009FEB1 /* Debug */,
				A20452A220DE51700009FEB1 /* Release */,
			);
			defaultConfigurationIsVisible = 0;
			defaultConfigurationName = Release;
		};
/* End XCConfigurationList section */
	};
	rootObject = A204528220DE51700009FEB1 /* Project object */;
}
